
Microsoft Visual Studio Solution File, Format Version 12.00
# Visual Studio Version 17
VisualStudioVersion = 17.3.32819.101
MinimumVisualStudioVersion = 10.0.40219.1
Project("{FAE04EC0-301F-11D3-BF4B-00C04F79EFBC}") = "Beskrivande statistik", "Beskrivande statistik.csproj", "{5AB50095-7A4E-474C-A311-6628B73E82EE}"
EndProject
Global
	GlobalSection(SolutionConfigurationPlatforms) = preSolution
		Debug|Any CPU = Debug|Any CPU
		Release|Any CPU = Release|Any CPU
	EndGlobalSection
	GlobalSection(ProjectConfigurationPlatforms) = postSolution
		{5AB50095-7A4E-474C-A311-6628B73E82EE}.Debug|Any CPU.ActiveCfg = Debug|Any CPU
		{5AB50095-7A4E-474C-A311-6628B73E82EE}.Debug|Any CPU.Build.0 = Debug|Any CPU
		{5AB50095-7A4E-474C-A311-6628B73E82EE}.Release|Any CPU.ActiveCfg = Release|Any CPU
		{5AB50095-7A4E-474C-A311-6628B73E82EE}.Release|Any CPU.Build.0 = Release|Any CPU
	EndGlobalSection
	GlobalSection(SolutionProperties) = preSolution
		HideSolutionNode = FALSE
	EndGlobalSection
	GlobalSection(ExtensibilityGlobals) = postSolution
		SolutionGuid = {5B1AD876-5C76-4D1B-94FB-204189348533}
	EndGlobalSection
EndGlobal
